# THIS IS AN AUTOGENERATED FILE. DO NOT EDIT THIS FILE DIRECTLY.
# yarn lockfile v1


"@persephony/sdk@^1.1.1":
  version "1.1.1"
  resolved "https://registry.yarnpkg.com/@persephony/sdk/-/sdk-1.1.1.tgz#b6283e2185e6d2f5031dab5b14c798e84196ac9f"
  integrity sha512-g90pbrF/s79G4S1buWhKm0o7suyuRE7citgtFYHvfLSvj7z6YqSlKnvFN4pp9dpid7cfkv6oSwyG7n96NsvYTg==
  dependencies:
    lodash.assign "^4.2.0"
    node-fetch "^2.6.0"

dotenv@^8.1.0:
  version "8.1.0"
  resolved "https://registry.yarnpkg.com/dotenv/-/dotenv-8.1.0.tgz#d811e178652bfb8a1e593c6dd704ec7e90d85ea2"
  integrity sha512-GUE3gqcDCaMltj2++g6bRQ5rBJWtkWTmqmD0fo1RnnMuUqHNCt2oTPeDnS9n6fKYvlhn7AeBkb38lymBtWBQdA==

lodash.assign@^4.2.0:
  version "4.2.0"
  resolved "https://registry.yarnpkg.com/lodash.assign/-/lodash.assign-4.2.0.tgz#0d99f3ccd7a6d261d19bdaeb9245005d285808e7"
  integrity sha1-DZnzzNem0mHRm9rrkkUAXShYCOc=

node-fetch@^2.6.0:
  version "2.6.0"
  resolved "https://registry.yarnpkg.com/node-fetch/-/node-fetch-2.6.0.tgz#e633456386d4aa55863f676a7ab0daa8fdecb0fd"
  integrity sha512-8dG4H5ujfvFiqDmVu9fQ5bOHUC15JMjMY/Zumv26oOvvVJjM67KF8koCWIabKQ1GJIa9r2mMZscBq/TbdOcmNA==
